// !$*UTF8*$!
{
	archiveVersion = 1;
	classes = {
	};
	objectVersion = 56;
	objects = {

/* Begin PBXBuildFile section */
		568D168D2BA4DE6700397A71 /* AppDelegate.swift in Sources */ = {isa = PBXBuildFile; fileRef = 568D168C2BA4DE6700397A71 /* AppDelegate.swift */; };
		568D168F2BA4DE6700397A71 /* SceneDelegate.swift in Sources */ = {isa = PBXBuildFile; fileRef = 568D168E2BA4DE6700397A71 /* SceneDelegate.swift */; };
		568D16962BA4DE6900397A71 /* Assets.xcassets in Resources */ = {isa = PBXBuildFile; fileRef = 568D16952BA4DE6900397A71 /* Assets.xcassets */; };
		568D16992BA4DE6900397A71 /* LaunchScreen.storyboard in Resources */ = {isa = PBXBuildFile; fileRef = 568D16972BA4DE6900397A71 /* LaunchScreen.storyboard */; };
		568D16A52BA4EF3700397A71 /* MainTabBarController.swift in Sources */ = {isa = PBXBuildFile; fileRef = 568D16A42BA4EF3700397A71 /* MainTabBarController.swift */; };
		568D16A92BA4F28B00397A71 /* FavoriteViewController.swift in Sources */ = {isa = PBXBuildFile; fileRef = 568D16A82BA4F28B00397A71 /* FavoriteViewController.swift */; };
		568D16AB2BA4F29300397A71 /* SearchViewController.swift in Sources */ = {isa = PBXBuildFile; fileRef = 568D16AA2BA4F29300397A71 /* SearchViewController.swift */; };
		568D16AD2BA4F2A000397A71 /* DownloadsViewController.swift in Sources */ = {isa = PBXBuildFile; fileRef = 568D16AC2BA4F2A000397A71 /* DownloadsViewController.swift */; };
		568D16B02BA591BE00397A71 /* Alamofire in Frameworks */ = {isa = PBXBuildFile; productRef = 568D16AF2BA591BE00397A71 /* Alamofire */; };
		568D16B22BA591BE00397A71 /* AlamofireDynamic in Frameworks */ = {isa = PBXBuildFile; productRef = 568D16B12BA591BE00397A71 /* AlamofireDynamic */; };
		568D16B52BA59A1600397A71 /* SearchCell.swift in Sources */ = {isa = PBXBuildFile; fileRef = 568D16B42BA59A1600397A71 /* SearchCell.swift */; };
		568D16B82BA5A31500397A71 /* SearchModel.swift in Sources */ = {isa = PBXBuildFile; fileRef = 568D16B72BA5A31500397A71 /* SearchModel.swift */; };
		568D16BB2BA5A42500397A71 /* SearchService.swift in Sources */ = {isa = PBXBuildFile; fileRef = 568D16BA2BA5A42500397A71 /* SearchService.swift */; };
		568D16BE2BA5ACB800397A71 /* Kingfisher in Frameworks */ = {isa = PBXBuildFile; productRef = 568D16BD2BA5ACB800397A71 /* Kingfisher */; };
		568D16C12BA5B4C600397A71 /* SearchViewModel.swift in Sources */ = {isa = PBXBuildFile; fileRef = 568D16C02BA5B4C600397A71 /* SearchViewModel.swift */; };
		568D16C32BA5C0D900397A71 /* EpisodeViewController.swift in Sources */ = {isa = PBXBuildFile; fileRef = 568D16C22BA5C0D900397A71 /* EpisodeViewController.swift */; };
		568D16C52BA5C26100397A71 /* EpisodeCell.swift in Sources */ = {isa = PBXBuildFile; fileRef = 568D16C42BA5C26100397A71 /* EpisodeCell.swift */; };
		568D16C82BA5CCA200397A71 /* FeedKit in Frameworks */ = {isa = PBXBuildFile; productRef = 568D16C72BA5CCA200397A71 /* FeedKit */; };
		568D16CA2BA5CCC100397A71 /* EpisodeService.swift in Sources */ = {isa = PBXBuildFile; fileRef = 568D16C92BA5CCC100397A71 /* EpisodeService.swift */; };
		568D16CD2BA5CFBD00397A71 /* Extension.swift in Sources */ = {isa = PBXBuildFile; fileRef = 568D16CC2BA5CFBD00397A71 /* Extension.swift */; };
		568D16CF2BA5D78800397A71 /* EpisodeModel.swift in Sources */ = {isa = PBXBuildFile; fileRef = 568D16CE2BA5D78800397A71 /* EpisodeModel.swift */; };
		568D16D12BA5DA7800397A71 /* EpisodeViewModel.swift in Sources */ = {isa = PBXBuildFile; fileRef = 568D16D02BA5DA7800397A71 /* EpisodeViewModel.swift */; };
/* End PBXBuildFile section */

/* Begin PBXFileReference section */
		568D16892BA4DE6700397A71 /* PodcastSwift.app */ = {isa = PBXFileReference; explicitFileType = wrapper.application; includeInIndex = 0; path = PodcastSwift.app; sourceTree = BUILT_PRODUCTS_DIR; };
		568D168C2BA4DE6700397A71 /* AppDelegate.swift */ = {isa = PBXFileReference; lastKnownFileType = sourcecode.swift; path = AppDelegate.swift; sourceTree = "<group>"; };
		568D168E2BA4DE6700397A71 /* SceneDelegate.swift */ = {isa = PBXFileReference; lastKnownFileType = sourcecode.swift; path = SceneDelegate.swift; sourceTree = "<group>"; };
		568D16952BA4DE6900397A71 /* Assets.xcassets */ = {isa = PBXFileReference; lastKnownFileType = folder.assetcatalog; path = Assets.xcassets; sourceTree = "<group>"; };
		568D16982BA4DE6900397A71 /* Base */ = {isa = PBXFileReference; lastKnownFileType = file.storyboard; name = Base; path = Base.lproj/LaunchScreen.storyboard; sourceTree = "<group>"; };
		568D169A2BA4DE6900397A71 /* Info.plist */ = {isa = PBXFileReference; lastKnownFileType = text.plist.xml; path = Info.plist; sourceTree = "<group>"; };
		568D16A42BA4EF3700397A71 /* MainTabBarController.swift */ = {isa = PBXFileReference; lastKnownFileType = sourcecode.swift; path = MainTabBarController.swift; sourceTree = "<group>"; };
		568D16A82BA4F28B00397A71 /* FavoriteViewController.swift */ = {isa = PBXFileReference; lastKnownFileType = sourcecode.swift; path = FavoriteViewController.swift; sourceTree = "<group>"; };
		568D16AA2BA4F29300397A71 /* SearchViewController.swift */ = {isa = PBXFileReference; lastKnownFileType = sourcecode.swift; path = SearchViewController.swift; sourceTree = "<group>"; };
		568D16AC2BA4F2A000397A71 /* DownloadsViewController.swift */ = {isa = PBXFileReference; lastKnownFileType = sourcecode.swift; path = DownloadsViewController.swift; sourceTree = "<group>"; };
		568D16B42BA59A1600397A71 /* SearchCell.swift */ = {isa = PBXFileReference; lastKnownFileType = sourcecode.swift; path = SearchCell.swift; sourceTree = "<group>"; };
		568D16B72BA5A31500397A71 /* SearchModel.swift */ = {isa = PBXFileReference; lastKnownFileType = sourcecode.swift; path = SearchModel.swift; sourceTree = "<group>"; };
		568D16BA2BA5A42500397A71 /* SearchService.swift */ = {isa = PBXFileReference; lastKnownFileType = sourcecode.swift; name = SearchService.swift; path = ../../../../SearchService.swift; sourceTree = "<group>"; };
		568D16C02BA5B4C600397A71 /* SearchViewModel.swift */ = {isa = PBXFileReference; lastKnownFileType = sourcecode.swift; path = SearchViewModel.swift; sourceTree = "<group>"; };
		568D16C22BA5C0D900397A71 /* EpisodeViewController.swift */ = {isa = PBXFileReference; lastKnownFileType = sourcecode.swift; path = EpisodeViewController.swift; sourceTree = "<group>"; };
		568D16C42BA5C26100397A71 /* EpisodeCell.swift */ = {isa = PBXFileReference; lastKnownFileType = sourcecode.swift; path = EpisodeCell.swift; sourceTree = "<group>"; };
		568D16C92BA5CCC100397A71 /* EpisodeService.swift */ = {isa = PBXFileReference; lastKnownFileType = sourcecode.swift; path = EpisodeService.swift; sourceTree = "<group>"; };
		568D16CC2BA5CFBD00397A71 /* Extension.swift */ = {isa = PBXFileReference; lastKnownFileType = sourcecode.swift; path = Extension.swift; sourceTree = "<group>"; };
		568D16CE2BA5D78800397A71 /* EpisodeModel.swift */ = {isa = PBXFileReference; lastKnownFileType = sourcecode.swift; path = EpisodeModel.swift; sourceTree = "<group>"; };
		568D16D02BA5DA7800397A71 /* EpisodeViewModel.swift */ = {isa = PBXFileReference; lastKnownFileType = sourcecode.swift; path = EpisodeViewModel.swift; sourceTree = "<group>"; };
/* End PBXFileReference section */

/* Begin PBXFrameworksBuildPhase section */
		568D16862BA4DE6700397A71 /* Frameworks */ = {
			isa = PBXFrameworksBuildPhase;
			buildActionMask = 2147483647;
			files = (
				568D16BE2BA5ACB800397A71 /* Kingfisher in Frameworks */,
				568D16B02BA591BE00397A71 /* Alamofire in Frameworks */,
				568D16B22BA591BE00397A71 /* AlamofireDynamic in Frameworks */,
				568D16C82BA5CCA200397A71 /* FeedKit in Frameworks */,
			);
			runOnlyForDeploymentPostprocessing = 0;
		};
/* End PBXFrameworksBuildPhase section */

/* Begin PBXGroup section */
		568D16802BA4DE6700397A71 = {
			isa = PBXGroup;
			children = (
				568D168B2BA4DE6700397A71 /* PodcastSwift */,
				568D168A2BA4DE6700397A71 /* Products */,
			);
			sourceTree = "<group>";
		};
		568D168A2BA4DE6700397A71 /* Products */ = {
			isa = PBXGroup;
			children = (
				568D16892BA4DE6700397A71 /* PodcastSwift.app */,
			);
			name = Products;
			sourceTree = "<group>";
		};
		568D168B2BA4DE6700397A71 /* PodcastSwift */ = {
			isa = PBXGroup;
			children = (
				568D16CB2BA5CFB200397A71 /* Helpers */,
				568D16B92BA5A41500397A71 /* Service-API */,
				568D16B62BA5A30200397A71 /* Model */,
				568D169A2BA4DE6900397A71 /* Info.plist */,
				568D16BF2BA5B4A500397A71 /* ViewModel */,
				568D16B32BA599FD00397A71 /* View */,
				568D16A72BA4F26600397A71 /* ViewController */,
				568D16A62BA4F25F00397A71 /* Files */,
			);
			path = PodcastSwift;
			sourceTree = "<group>";
		};
		568D16A62BA4F25F00397A71 /* Files */ = {
			isa = PBXGroup;
			children = (
				568D16952BA4DE6900397A71 /* Assets.xcassets */,
				568D16972BA4DE6900397A71 /* LaunchScreen.storyboard */,
				568D168C2BA4DE6700397A71 /* AppDelegate.swift */,
				568D168E2BA4DE6700397A71 /* SceneDelegate.swift */,
			);
			path = Files;
			sourceTree = "<group>";
		};
		568D16A72BA4F26600397A71 /* ViewController */ = {
			isa = PBXGroup;
			children = (
				568D16A42BA4EF3700397A71 /* MainTabBarController.swift */,
				568D16AA2BA4F29300397A71 /* SearchViewController.swift */,
				568D16A82BA4F28B00397A71 /* FavoriteViewController.swift */,
				568D16AC2BA4F2A000397A71 /* DownloadsViewController.swift */,
				568D16C22BA5C0D900397A71 /* EpisodeViewController.swift */,
			);
			path = ViewController;
			sourceTree = "<group>";
		};
		568D16B32BA599FD00397A71 /* View */ = {
			isa = PBXGroup;
			children = (
				568D16B42BA59A1600397A71 /* SearchCell.swift */,
				568D16C42BA5C26100397A71 /* EpisodeCell.swift */,
			);
			path = View;
			sourceTree = "<group>";
		};
		568D16B62BA5A30200397A71 /* Model */ = {
			isa = PBXGroup;
			children = (
				568D16B72BA5A31500397A71 /* SearchModel.swift */,
				568D16CE2BA5D78800397A71 /* EpisodeModel.swift */,
			);
			path = Model;
			sourceTree = "<group>";
		};
		568D16B92BA5A41500397A71 /* Service-API */ = {
			isa = PBXGroup;
			children = (
				568D16BA2BA5A42500397A71 /* SearchService.swift */,
				568D16C92BA5CCC100397A71 /* EpisodeService.swift */,
			);
			path = "Service-API";
			sourceTree = "<group>";
		};
		568D16BF2BA5B4A500397A71 /* ViewModel */ = {
			isa = PBXGroup;
			children = (
				568D16C02BA5B4C600397A71 /* SearchViewModel.swift */,
				568D16D02BA5DA7800397A71 /* EpisodeViewModel.swift */,
			);
			path = ViewModel;
			sourceTree = "<group>";
		};
		568D16CB2BA5CFB200397A71 /* Helpers */ = {
			isa = PBXGroup;
			children = (
				568D16CC2BA5CFBD00397A71 /* Extension.swift */,
			);
			path = Helpers;
			sourceTree = "<group>";
		};
/* End PBXGroup section */

/* Begin PBXNativeTarget section */
		568D16882BA4DE6700397A71 /* PodcastSwift */ = {
			isa = PBXNativeTarget;
			buildConfigurationList = 568D169D2BA4DE6900397A71 /* Build configuration list for PBXNativeTarget "PodcastSwift" */;
			buildPhases = (
				568D16852BA4DE6700397A71 /* Sources */,
				568D16862BA4DE6700397A71 /* Frameworks */,
				568D16872BA4DE6700397A71 /* Resources */,
			);
			buildRules = (
			);
			dependencies = (
			);
			name = PodcastSwift;
			packageProductDependencies = (
				568D16AF2BA591BE00397A71 /* Alamofire */,
				568D16B12BA591BE00397A71 /* AlamofireDynamic */,
				568D16BD2BA5ACB800397A71 /* Kingfisher */,
				568D16C72BA5CCA200397A71 /* FeedKit */,
			);
			productName = PodcastSwift;
			productReference = 568D16892BA4DE6700397A71 /* PodcastSwift.app */;
			productType = "com.apple.product-type.application";
		};
/* End PBXNativeTarget section */

/* Begin PBXProject section */
		568D16812BA4DE6700397A71 /* Project object */ = {
			isa = PBXProject;
			attributes = {
				BuildIndependentTargetsInParallel = 1;
				LastSwiftUpdateCheck = 1510;
				LastUpgradeCheck = 1510;
				TargetAttributes = {
					568D16882BA4DE6700397A71 = {
						CreatedOnToolsVersion = 15.1;
					};
				};
			};
			buildConfigurationList = 568D16842BA4DE6700397A71 /* Build configuration list for PBXProject "PodcastSwift" */;
			compatibilityVersion = "Xcode 14.0";
			developmentRegion = en;
			hasScannedForEncodings = 0;
			knownRegions = (
				en,
				Base,
			);
			mainGroup = 568D16802BA4DE6700397A71;
			packageReferences = (
				568D16AE2BA591BE00397A71 /* XCRemoteSwiftPackageReference "Alamofire" */,
				568D16BC2BA5ACB800397A71 /* XCRemoteSwiftPackageReference "Kingfisher" */,
				568D16C62BA5CCA200397A71 /* XCRemoteSwiftPackageReference "FeedKit" */,
			);
			productRefGroup = 568D168A2BA4DE6700397A71 /* Products */;
			projectDirPath = "";
			projectRoot = "";
			targets = (
				568D16882BA4DE6700397A71 /* PodcastSwift */,
			);
		};
/* End PBXProject section */

/* Begin PBXResourcesBuildPhase section */
		568D16872BA4DE6700397A71 /* Resources */ = {
			isa = PBXResourcesBuildPhase;
			buildActionMask = 2147483647;
			files = (
				568D16992BA4DE6900397A71 /* LaunchScreen.storyboard in Resources */,
				568D16962BA4DE6900397A71 /* Assets.xcassets in Resources */,
			);
			runOnlyForDeploymentPostprocessing = 0;
		};
/* End PBXResourcesBuildPhase section */

/* Begin PBXSourcesBuildPhase section */
		568D16852BA4DE6700397A71 /* Sources */ = {
			isa = PBXSourcesBuildPhase;
			buildActionMask = 2147483647;
			files = (
				568D16BB2BA5A42500397A71 /* SearchService.swift in Sources */,
				568D16AB2BA4F29300397A71 /* SearchViewController.swift in Sources */,
				568D168D2BA4DE6700397A71 /* AppDelegate.swift in Sources */,
				568D16AD2BA4F2A000397A71 /* DownloadsViewController.swift in Sources */,
				568D16B82BA5A31500397A71 /* SearchModel.swift in Sources */,
				568D16C52BA5C26100397A71 /* EpisodeCell.swift in Sources */,
				568D16D12BA5DA7800397A71 /* EpisodeViewModel.swift in Sources */,
				568D16B52BA59A1600397A71 /* SearchCell.swift in Sources */,
				568D16C12BA5B4C600397A71 /* SearchViewModel.swift in Sources */,
				568D16A52BA4EF3700397A71 /* MainTabBarController.swift in Sources */,
				568D16CD2BA5CFBD00397A71 /* Extension.swift in Sources */,
				568D16C32BA5C0D900397A71 /* EpisodeViewController.swift in Sources */,
				568D16A92BA4F28B00397A71 /* FavoriteViewController.swift in Sources */,
				568D168F2BA4DE6700397A71 /* SceneDelegate.swift in Sources */,
				568D16CA2BA5CCC100397A71 /* EpisodeService.swift in Sources */,
				568D16CF2BA5D78800397A71 /* EpisodeModel.swift in Sources */,
			);
			runOnlyForDeploymentPostprocessing = 0;
		};
/* End PBXSourcesBuildPhase section */

/* Begin PBXVariantGroup section */
		568D16972BA4DE6900397A71 /* LaunchScreen.storyboard */ = {
			isa = PBXVariantGroup;
			children = (
				568D16982BA4DE6900397A71 /* Base */,
			);
			name = LaunchScreen.storyboard;
			sourceTree = "<group>";
		};
/* End PBXVariantGroup section */

/* Begin XCBuildConfiguration section */
		568D169B2BA4DE6900397A71 /* Debug */ = {
			isa = XCBuildConfiguration;
			buildSettings = {
				ALWAYS_SEARCH_USER_PATHS = NO;
				ASSETCATALOG_COMPILER_GENERATE_SWIFT_ASSET_SYMBOL_EXTENSIONS = YES;
				CLANG_ANALYZER_NONNULL = YES;
				CLANG_ANALYZER_NUMBER_OBJECT_CONVERSION = YES_AGGRESSIVE;
				CLANG_CXX_LANGUAGE_STANDARD = "gnu++20";
				CLANG_ENABLE_MODULES = YES;
				CLANG_ENABLE_OBJC_ARC = YES;
				CLANG_ENABLE_OBJC_WEAK = YES;
				CLANG_WARN_BLOCK_CAPTURE_AUTORELEASING = YES;
				CLANG_WARN_BOOL_CONVERSION = YES;
				CLANG_WARN_COMMA = YES;
				CLANG_WARN_CONSTANT_CONVERSION = YES;
				CLANG_WARN_DEPRECATED_OBJC_IMPLEMENTATIONS = YES;
				CLANG_WARN_DIRECT_OBJC_ISA_USAGE = YES_ERROR;
				CLANG_WARN_DOCUMENTATION_COMMENTS = YES;
				CLANG_WARN_EMPTY_BODY = YES;
				CLANG_WARN_ENUM_CONVERSION = YES;
				CLANG_WARN_INFINITE_RECURSION = YES;
				CLANG_WARN_INT_CONVERSION = YES;
				CLANG_WARN_NON_LITERAL_NULL_CONVERSION = YES;
				CLANG_WARN_OBJC_IMPLICIT_RETAIN_SELF = YES;
				CLANG_WARN_OBJC_LITERAL_CONVERSION = YES;
				CLANG_WARN_OBJC_ROOT_CLASS = YES_ERROR;
				CLANG_WARN_QUOTED_INCLUDE_IN_FRAMEWORK_HEADER = YES;
				CLANG_WARN_RANGE_LOOP_ANALYSIS = YES;
				CLANG_WARN_STRICT_PROTOTYPES = YES;
				CLANG_WARN_SUSPICIOUS_MOVE = YES;
				CLANG_WARN_UNGUARDED_AVAILABILITY = YES_AGGRESSIVE;
				CLANG_WARN_UNREACHABLE_CODE = YES;
				CLANG_WARN__DUPLICATE_METHOD_MATCH = YES;
				COPY_PHASE_STRIP = NO;
				DEBUG_INFORMATION_FORMAT = dwarf;
				ENABLE_STRICT_OBJC_MSGSEND = YES;
				ENABLE_TESTABILITY = YES;
				ENABLE_USER_SCRIPT_SANDBOXING = YES;
				GCC_C_LANGUAGE_STANDARD = gnu17;
				GCC_DYNAMIC_NO_PIC = NO;
				GCC_NO_COMMON_BLOCKS = YES;
				GCC_OPTIMIZATION_LEVEL = 0;
				GCC_PREPROCESSOR_DEFINITIONS = (
					"DEBUG=1",
					"$(inherited)",
				);
				GCC_WARN_64_TO_32_BIT_CONVERSION = YES;
				GCC_WARN_ABOUT_RETURN_TYPE = YES_ERROR;
				GCC_WARN_UNDECLARED_SELECTOR = YES;
				GCC_WARN_UNINITIALIZED_AUTOS = YES_AGGRESSIVE;
				GCC_WARN_UNUSED_FUNCTION = YES;
				GCC_WARN_UNUSED_VARIABLE = YES;
				IPHONEOS_DEPLOYMENT_TARGET = 17.2;
				LOCALIZATION_PREFERS_STRING_CATALOGS = YES;
				MTL_ENABLE_DEBUG_INFO = INCLUDE_SOURCE;
				MTL_FAST_MATH = YES;
				ONLY_ACTIVE_ARCH = YES;
				SDKROOT = iphoneos;
				SWIFT_ACTIVE_COMPILATION_CONDITIONS = "DEBUG $(inherited)";
				SWIFT_OPTIMIZATION_LEVEL = "-Onone";
			};
			name = Debug;
		};
		568D169C2BA4DE6900397A71 /* Release */ = {
			isa = XCBuildConfiguration;
			buildSettings = {
				ALWAYS_SEARCH_USER_PATHS = NO;
				ASSETCATALOG_COMPILER_GENERATE_SWIFT_ASSET_SYMBOL_EXTENSIONS = YES;
				CLANG_ANALYZER_NONNULL = YES;
				CLANG_ANALYZER_NUMBER_OBJECT_CONVERSION = YES_AGGRESSIVE;
				CLANG_CXX_LANGUAGE_STANDARD = "gnu++20";
				CLANG_ENABLE_MODULES = YES;
				CLANG_ENABLE_OBJC_ARC = YES;
				CLANG_ENABLE_OBJC_WEAK = YES;
				CLANG_WARN_BLOCK_CAPTURE_AUTORELEASING = YES;
				CLANG_WARN_BOOL_CONVERSION = YES;
				CLANG_WARN_COMMA = YES;
				CLANG_WARN_CONSTANT_CONVERSION = YES;
				CLANG_WARN_DEPRECATED_OBJC_IMPLEMENTATIONS = YES;
				CLANG_WARN_DIRECT_OBJC_ISA_USAGE = YES_ERROR;
				CLANG_WARN_DOCUMENTATION_COMMENTS = YES;
				CLANG_WARN_EMPTY_BODY = YES;
				CLANG_WARN_ENUM_CONVERSION = YES;
				CLANG_WARN_INFINITE_RECURSION = YES;
				CLANG_WARN_INT_CONVERSION = YES;
				CLANG_WARN_NON_LITERAL_NULL_CONVERSION = YES;
				CLANG_WARN_OBJC_IMPLICIT_RETAIN_SELF = YES;
				CLANG_WARN_OBJC_LITERAL_CONVERSION = YES;
				CLANG_WARN_OBJC_ROOT_CLASS = YES_ERROR;
				CLANG_WARN_QUOTED_INCLUDE_IN_FRAMEWORK_HEADER = YES;
				CLANG_WARN_RANGE_LOOP_ANALYSIS = YES;
				CLANG_WARN_STRICT_PROTOTYPES = YES;
				CLANG_WARN_SUSPICIOUS_MOVE = YES;
				CLANG_WARN_UNGUARDED_AVAILABILITY = YES_AGGRESSIVE;
				CLANG_WARN_UNREACHABLE_CODE = YES;
				CLANG_WARN__DUPLICATE_METHOD_MATCH = YES;
				COPY_PHASE_STRIP = NO;
				DEBUG_INFORMATION_FORMAT = "dwarf-with-dsym";
				ENABLE_NS_ASSERTIONS = NO;
				ENABLE_STRICT_OBJC_MSGSEND = YES;
				ENABLE_USER_SCRIPT_SANDBOXING = YES;
				GCC_C_LANGUAGE_STANDARD = gnu17;
				GCC_NO_COMMON_BLOCKS = YES;
				GCC_WARN_64_TO_32_BIT_CONVERSION = YES;
				GCC_WARN_ABOUT_RETURN_TYPE = YES_ERROR;
				GCC_WARN_UNDECLARED_SELECTOR = YES;
				GCC_WARN_UNINITIALIZED_AUTOS = YES_AGGRESSIVE;
				GCC_WARN_UNUSED_FUNCTION = YES;
				GCC_WARN_UNUSED_VARIABLE = YES;
				IPHONEOS_DEPLOYMENT_TARGET = 17.2;
				LOCALIZATION_PREFERS_STRING_CATALOGS = YES;
				MTL_ENABLE_DEBUG_INFO = NO;
				MTL_FAST_MATH = YES;
				SDKROOT = iphoneos;
				SWIFT_COMPILATION_MODE = wholemodule;
				VALIDATE_PRODUCT = YES;
			};
			name = Release;
		};
		568D169E2BA4DE6900397A71 /* Debug */ = {
			isa = XCBuildConfiguration;
			buildSettings = {
				ASSETCATALOG_COMPILER_APPICON_NAME = AppIcon;
				ASSETCATALOG_COMPILER_GLOBAL_ACCENT_COLOR_NAME = AccentColor;
				CODE_SIGN_STYLE = Automatic;
				CURRENT_PROJECT_VERSION = 1;
				DEVELOPMENT_TEAM = 7C94QN45FD;
				GENERATE_INFOPLIST_FILE = YES;
				INFOPLIST_FILE = PodcastSwift/Info.plist;
				INFOPLIST_KEY_UIApplicationSupportsIndirectInputEvents = YES;
				INFOPLIST_KEY_UILaunchStoryboardName = LaunchScreen;
				INFOPLIST_KEY_UISupportedInterfaceOrientations_iPad = "UIInterfaceOrientationPortrait UIInterfaceOrientationPortraitUpsideDown UIInterfaceOrientationLandscapeLeft UIInterfaceOrientationLandscapeRight";
				INFOPLIST_KEY_UISupportedInterfaceOrientations_iPhone = "UIInterfaceOrientationPortrait UIInterfaceOrientationLandscapeLeft UIInterfaceOrientationLandscapeRight";
				LD_RUNPATH_SEARCH_PATHS = (
					"$(inherited)",
					"@executable_path/Frameworks",
				);
				MARKETING_VERSION = 1.0;
				PRODUCT_BUNDLE_IDENTIFIER = com.DwozStudio.PodcastSwift;
				PRODUCT_NAME = "$(TARGET_NAME)";
				SWIFT_EMIT_LOC_STRINGS = YES;
				SWIFT_VERSION = 5.0;
				TARGETED_DEVICE_FAMILY = "1,2";
			};
			name = Debug;
		};
		568D169F2BA4DE6900397A71 /* Release */ = {
			isa = XCBuildConfiguration;
			buildSettings = {
				ASSETCATALOG_COMPILER_APPICON_NAME = AppIcon;
				ASSETCATALOG_COMPILER_GLOBAL_ACCENT_COLOR_NAME = AccentColor;
				CODE_SIGN_STYLE = Automatic;
				CURRENT_PROJECT_VERSION = 1;
				DEVELOPMENT_TEAM = 7C94QN45FD;
				GENERATE_INFOPLIST_FILE = YES;
				INFOPLIST_FILE = PodcastSwift/Info.plist;
				INFOPLIST_KEY_UIApplicationSupportsIndirectInputEvents = YES;
				INFOPLIST_KEY_UILaunchStoryboardName = LaunchScreen;
				INFOPLIST_KEY_UISupportedInterfaceOrientations_iPad = "UIInterfaceOrientationPortrait UIInterfaceOrientationPortraitUpsideDown UIInterfaceOrientationLandscapeLeft UIInterfaceOrientationLandscapeRight";
				INFOPLIST_KEY_UISupportedInterfaceOrientations_iPhone = "UIInterfaceOrientationPortrait UIInterfaceOrientationLandscapeLeft UIInterfaceOrientationLandscapeRight";
				LD_RUNPATH_SEARCH_PATHS = (
					"$(inherited)",
					"@executable_path/Frameworks",
				);
				MARKETING_VERSION = 1.0;
				PRODUCT_BUNDLE_IDENTIFIER = com.DwozStudio.PodcastSwift;
				PRODUCT_NAME = "$(TARGET_NAME)";
				SWIFT_EMIT_LOC_STRINGS = YES;
				SWIFT_VERSION = 5.0;
				TARGETED_DEVICE_FAMILY = "1,2";
			};
			name = Release;
		};
/* End XCBuildConfiguration section */

/* Begin XCConfigurationList section */
		568D16842BA4DE6700397A71 /* Build configuration list for PBXProject "PodcastSwift" */ = {
			isa = XCConfigurationList;
			buildConfigurations = (
				568D169B2BA4DE6900397A71 /* Debug */,
				568D169C2BA4DE6900397A71 /* Release */,
			);
			defaultConfigurationIsVisible = 0;
			defaultConfigurationName = Release;
		};
		568D169D2BA4DE6900397A71 /* Build configuration list for PBXNativeTarget "PodcastSwift" */ = {
			isa = XCConfigurationList;
			buildConfigurations = (
				568D169E2BA4DE6900397A71 /* Debug */,
				568D169F2BA4DE6900397A71 /* Release */,
			);
			defaultConfigurationIsVisible = 0;
			defaultConfigurationName = Release;
		};
/* End XCConfigurationList section */

/* Begin XCRemoteSwiftPackageReference section */
		568D16AE2BA591BE00397A71 /* XCRemoteSwiftPackageReference "Alamofire" */ = {
			isa = XCRemoteSwiftPackageReference;
			repositoryURL = "https://github.com/Alamofire/Alamofire.git";
			requirement = {
				kind = upToNextMajorVersion;
				minimumVersion = 5.9.0;
			};
		};
		568D16BC2BA5ACB800397A71 /* XCRemoteSwiftPackageReference "Kingfisher" */ = {
			isa = XCRemoteSwiftPackageReference;
			repositoryURL = "https://github.com/onevcat/Kingfisher";
			requirement = {
				kind = upToNextMajorVersion;
				minimumVersion = 7.11.0;
			};
		};
		568D16C62BA5CCA200397A71 /* XCRemoteSwiftPackageReference "FeedKit" */ = {
			isa = XCRemoteSwiftPackageReference;
			repositoryURL = "https://github.com/nmdias/FeedKit.git";
			requirement = {
				kind = upToNextMajorVersion;
				minimumVersion = 9.1.2;
			};
		};
/* End XCRemoteSwiftPackageReference section */

/* Begin XCSwiftPackageProductDependency section */
		568D16AF2BA591BE00397A71 /* Alamofire */ = {
			isa = XCSwiftPackageProductDependency;
			package = 568D16AE2BA591BE00397A71 /* XCRemoteSwiftPackageReference "Alamofire" */;
			productName = Alamofire;
		};
		568D16B12BA591BE00397A71 /* AlamofireDynamic */ = {
			isa = XCSwiftPackageProductDependency;
			package = 568D16AE2BA591BE00397A71 /* XCRemoteSwiftPackageReference "Alamofire" */;
			productName = AlamofireDynamic;
		};
		568D16BD2BA5ACB800397A71 /* Kingfisher */ = {
			isa = XCSwiftPackageProductDependency;
			package = 568D16BC2BA5ACB800397A71 /* XCRemoteSwiftPackageReference "Kingfisher" */;
			productName = Kingfisher;
		};
		568D16C72BA5CCA200397A71 /* FeedKit */ = {
			isa = XCSwiftPackageProductDependency;
			package = 568D16C62BA5CCA200397A71 /* XCRemoteSwiftPackageReference "FeedKit" */;
			productName = FeedKit;
		};
/* End XCSwiftPackageProductDependency section */
	};
	rootObject = 568D16812BA4DE6700397A71 /* Project object */;
}
